
Microsoft Visual Studio Solution File, Format Version 11.00
# Visual C++ Express 2010
Project("{8BC9CEB8-8B4A-11D0-8D11-00A0C91BC942}") = "2020.9.13.c", "2020.9.13.c\2020.9.13.c.vcxproj", "{79F85884-91EE-4211-84CC-70A3E27549AD}"
EndProject
Global
	GlobalSection(SolutionConfigurationPlatforms) = preSolution
		Debug|Win32 = Debug|Win32
		Release|Win32 = Release|Win32
	EndGlobalSection
	GlobalSection(ProjectConfigurationPlatforms) = postSolution
		{79F85884-91EE-4211-84CC-70A3E27549AD}.Debug|Win32.ActiveCfg = Debug|Win32
		{79F85884-91EE-4211-84CC-70A3E27549AD}.Debug|Win32.Build.0 = Debug|Win32
		{79F85884-91EE-4211-84CC-70A3E27549AD}.Release|Win32.ActiveCfg = Release|Win32
		{79F85884-91EE-4211-84CC-70A3E27549AD}.Release|Win32.Build.0 = Release|Win32
	EndGlobalSection
	GlobalSection(SolutionProperties) = preSolution
		HideSolutionNode = FALSE
	EndGlobalSection
EndGlobal
