
Microsoft Visual Studio Solution File, Format Version 11.00
# Visual C++ Express 2010
Project("{8BC9CEB8-8B4A-11D0-8D11-00A0C91BC942}") = "dsa.c", "dsa.c\dsa.c.vcxproj", "{3F081B0E-1D0D-4335-AB5D-B16F734EA44B}"
EndProject
Global
	GlobalSection(SolutionConfigurationPlatforms) = preSolution
		Debug|Win32 = Debug|Win32
		Release|Win32 = Release|Win32
	EndGlobalSection
	GlobalSection(ProjectConfigurationPlatforms) = postSolution
		{3F081B0E-1D0D-4335-AB5D-B16F734EA44B}.Debug|Win32.ActiveCfg = Debug|Win32
		{3F081B0E-1D0D-4335-AB5D-B16F734EA44B}.Debug|Win32.Build.0 = Debug|Win32
		{3F081B0E-1D0D-4335-AB5D-B16F734EA44B}.Release|Win32.ActiveCfg = Release|Win32
		{3F081B0E-1D0D-4335-AB5D-B16F734EA44B}.Release|Win32.Build.0 = Release|Win32
	EndGlobalSection
	GlobalSection(SolutionProperties) = preSolution
		HideSolutionNode = FALSE
	EndGlobalSection
EndGlobal
